
Microsoft Visual Studio Solution File, Format Version 12.00
# Visual Studio Version 16
VisualStudioVersion = 16.0.31729.503
MinimumVisualStudioVersion = 10.0.40219.1
Project("{FAE04EC0-301F-11D3-BF4B-00C04F79EFBC}") = "DebugPanelTest.Android", "DebugPanelTest\DebugPanelTest.Android\DebugPanelTest.Android.csproj", "{195B399A-E2D8-4787-B192-544AD52B8BBC}"
EndProject
Project("{FAE04EC0-301F-11D3-BF4B-00C04F79EFBC}") = "DebugPanelTest.iOS", "DebugPanelTest\DebugPanelTest.iOS\DebugPanelTest.iOS.csproj", "{94CC42E5-3473-4258-BD38-4FAA8AB30B59}"
EndProject
Project("{FAE04EC0-301F-11D3-BF4B-00C04F79EFBC}") = "DebugPanelTest", "DebugPanelTest\DebugPanelTest\DebugPanelTest.csproj", "{56D9D98B-80DC-48A3-8125-BC7163687D09}"
EndProject
Global
	GlobalSection(SolutionConfigurationPlatforms) = preSolution
		Debug|Any CPU = Debug|Any CPU
		Debug|iPhone = Debug|iPhone
		Debug|iPhoneSimulator = Debug|iPhoneSimulator
		Release|Any CPU = Release|Any CPU
		Release|iPhone = Release|iPhone
		Release|iPhoneSimulator = Release|iPhoneSimulator
	EndGlobalSection
	GlobalSection(ProjectConfigurationPlatforms) = postSolution
		{195B399A-E2D8-4787-B192-544AD52B8BBC}.Debug|Any CPU.ActiveCfg = Debug|Any CPU
		{195B399A-E2D8-4787-B192-544AD52B8BBC}.Debug|Any CPU.Build.0 = Debug|Any CPU
		{195B399A-E2D8-4787-B192-544AD52B8BBC}.Debug|Any CPU.Deploy.0 = Debug|Any CPU
		{195B399A-E2D8-4787-B192-544AD52B8BBC}.Debug|iPhone.ActiveCfg = Debug|Any CPU
		{195B399A-E2D8-4787-B192-544AD52B8BBC}.Debug|iPhone.Build.0 = Debug|Any CPU
		{195B399A-E2D8-4787-B192-544AD52B8BBC}.Debug|iPhone.Deploy.0 = Debug|Any CPU
		{195B399A-E2D8-4787-B192-544AD52B8BBC}.Debug|iPhoneSimulator.ActiveCfg = Debug|Any CPU
		{195B399A-E2D8-4787-B192-544AD52B8BBC}.Debug|iPhoneSimulator.Build.0 = Debug|Any CPU
		{195B399A-E2D8-4787-B192-544AD52B8BBC}.Debug|iPhoneSimulator.Deploy.0 = Debug|Any CPU
		{195B399A-E2D8-4787-B192-544AD52B8BBC}.Release|Any CPU.ActiveCfg = Release|Any CPU
		{195B399A-E2D8-4787-B192-544AD52B8BBC}.Release|Any CPU.Build.0 = Release|Any CPU
		{195B399A-E2D8-4787-B192-544AD52B8BBC}.Release|Any CPU.Deploy.0 = Release|Any CPU
		{195B399A-E2D8-4787-B192-544AD52B8BBC}.Release|iPhone.ActiveCfg = Release|Any CPU
		{195B399A-E2D8-4787-B192-544AD52B8BBC}.Release|iPhone.Build.0 = Release|Any CPU
		{195B399A-E2D8-4787-B192-544AD52B8BBC}.Release|iPhone.Deploy.0 = Release|Any CPU
		{195B399A-E2D8-4787-B192-544AD52B8BBC}.Release|iPhoneSimulator.ActiveCfg = Release|Any CPU
		{195B399A-E2D8-4787-B192-544AD52B8BBC}.Release|iPhoneSimulator.Build.0 = Release|Any CPU
		{195B399A-E2D8-4787-B192-544AD52B8BBC}.Release|iPhoneSimulator.Deploy.0 = Release|Any CPU
		{94CC42E5-3473-4258-BD38-4FAA8AB30B59}.Debug|Any CPU.ActiveCfg = Debug|iPhone
		{94CC42E5-3473-4258-BD38-4FAA8AB30B59}.Debug|Any CPU.Build.0 = Debug|iPhone
		{94CC42E5-3473-4258-BD38-4FAA8AB30B59}.Debug|Any CPU.Deploy.0 = Debug|iPhone
		{94CC42E5-3473-4258-BD38-4FAA8AB30B59}.Debug|iPhone.ActiveCfg = Debug|iPhone
		{94CC42E5-3473-4258-BD38-4FAA8AB30B59}.Debug|iPhone.Build.0 = Debug|iPhone
		{94CC42E5-3473-4258-BD38-4FAA8AB30B59}.Debug|iPhone.Deploy.0 = Debug|iPhone
		{94CC42E5-3473-4258-BD38-4FAA8AB30B59}.Debug|iPhoneSimulator.ActiveCfg = Debug|iPhoneSimulator
		{94CC42E5-3473-4258-BD38-4FAA8AB30B59}.Debug|iPhoneSimulator.Build.0 = Debug|iPhoneSimulator
		{94CC42E5-3473-4258-BD38-4FAA8AB30B59}.Debug|iPhoneSimulator.Deploy.0 = Debug|iPhoneSimulator
		{94CC42E5-3473-4258-BD38-4FAA8AB30B59}.Release|Any CPU.ActiveCfg = Release|iPhoneSimulator
		{94CC42E5-3473-4258-BD38-4FAA8AB30B59}.Release|Any CPU.Build.0 = Release|iPhoneSimulator
		{94CC42E5-3473-4258-BD38-4FAA8AB30B59}.Release|Any CPU.Deploy.0 = Release|iPhoneSimulator
		{94CC42E5-3473-4258-BD38-4FAA8AB30B59}.Release|iPhone.ActiveCfg = Release|iPhone
		{94CC42E5-3473-4258-BD38-4FAA8AB30B59}.Release|iPhone.Build.0 = Release|iPhone
		{94CC42E5-3473-4258-BD38-4FAA8AB30B59}.Release|iPhone.Deploy.0 = Release|iPhone
		{94CC42E5-3473-4258-BD38-4FAA8AB30B59}.Release|iPhoneSimulator.ActiveCfg = Release|iPhoneSimulator
		{94CC42E5-3473-4258-BD38-4FAA8AB30B59}.Release|iPhoneSimulator.Build.0 = Release|iPhoneSimulator
		{94CC42E5-3473-4258-BD38-4FAA8AB30B59}.Release|iPhoneSimulator.Deploy.0 = Release|iPhoneSimulator
		{56D9D98B-80DC-48A3-8125-BC7163687D09}.Debug|Any CPU.ActiveCfg = Debug|Any CPU
		{56D9D98B-80DC-48A3-8125-BC7163687D09}.Debug|Any CPU.Build.0 = Debug|Any CPU
		{56D9D98B-80DC-48A3-8125-BC7163687D09}.Debug|Any CPU.Deploy.0 = Debug|Any CPU
		{56D9D98B-80DC-48A3-8125-BC7163687D09}.Debug|iPhone.ActiveCfg = Debug|Any CPU
		{56D9D98B-80DC-48A3-8125-BC7163687D09}.Debug|iPhone.Build.0 = Debug|Any CPU
		{56D9D98B-80DC-48A3-8125-BC7163687D09}.Debug|iPhone.Deploy.0 = Debug|Any CPU
		{56D9D98B-80DC-48A3-8125-BC7163687D09}.Debug|iPhoneSimulator.ActiveCfg = Debug|Any CPU
		{56D9D98B-80DC-48A3-8125-BC7163687D09}.Debug|iPhoneSimulator.Build.0 = Debug|Any CPU
		{56D9D98B-80DC-48A3-8125-BC7163687D09}.Debug|iPhoneSimulator.Deploy.0 = Debug|Any CPU
		{56D9D98B-80DC-48A3-8125-BC7163687D09}.Release|Any CPU.ActiveCfg = Release|Any CPU
		{56D9D98B-80DC-48A3-8125-BC7163687D09}.Release|Any CPU.Build.0 = Release|Any CPU
		{56D9D98B-80DC-48A3-8125-BC7163687D09}.Release|Any CPU.Deploy.0 = Release|Any CPU
		{56D9D98B-80DC-48A3-8125-BC7163687D09}.Release|iPhone.ActiveCfg = Release|Any CPU
		{56D9D98B-80DC-48A3-8125-BC7163687D09}.Release|iPhone.Build.0 = Release|Any CPU
		{56D9D98B-80DC-48A3-8125-BC7163687D09}.Release|iPhone.Deploy.0 = Release|Any CPU
		{56D9D98B-80DC-48A3-8125-BC7163687D09}.Release|iPhoneSimulator.ActiveCfg = Release|Any CPU
		{56D9D98B-80DC-48A3-8125-BC7163687D09}.Release|iPhoneSimulator.Build.0 = Release|Any CPU
		{56D9D98B-80DC-48A3-8125-BC7163687D09}.Release|iPhoneSimulator.Deploy.0 = Release|Any CPU
	EndGlobalSection
	GlobalSection(SolutionProperties) = preSolution
		HideSolutionNode = FALSE
	EndGlobalSection
	GlobalSection(ExtensibilityGlobals) = postSolution
		SolutionGuid = {0A4B0A5E-7614-4875-8DF6-6DA0C2A60E6D}
	EndGlobalSection
EndGlobal
